// !$*UTF8*$!
{
	archiveVersion = 1;
	classes = {
	};
	objectVersion = 46;
	objects = {

/* Begin PBXBuildFile section */
		1846CB091C8C5B4C001037F4 /* AppDelegate.swift in Sources */ = {isa = PBXBuildFile; fileRef = 1846CB081C8C5B4C001037F4 /* AppDelegate.swift */; };
		1846CB0E1C8C5B4C001037F4 /* Main.storyboard in Resources */ = {isa = PBXBuildFile; fileRef = 1846CB0C1C8C5B4C001037F4 /* Main.storyboard */; };
		1846CB101C8C5B4C001037F4 /* Assets.xcassets in Resources */ = {isa = PBXBuildFile; fileRef = 1846CB0F1C8C5B4C001037F4 /* Assets.xcassets */; };
		1846CB131C8C5B4C001037F4 /* LaunchScreen.storyboard in Resources */ = {isa = PBXBuildFile; fileRef = 1846CB111C8C5B4C001037F4 /* LaunchScreen.storyboard */; };
		1846CB1E1C8C5B4C001037F4 /* TMusicUITests.swift in Sources */ = {isa = PBXBuildFile; fileRef = 1846CB1D1C8C5B4C001037F4 /* TMusicUITests.swift */; };
		1846CB2F1C8C7613001037F4 /* SearchTVC.swift in Sources */ = {isa = PBXBuildFile; fileRef = 1846CB2E1C8C7613001037F4 /* SearchTVC.swift */; };
		1846CB311C8C762D001037F4 /* BaseNavigationVC.swift in Sources */ = {isa = PBXBuildFile; fileRef = 1846CB301C8C762D001037F4 /* BaseNavigationVC.swift */; };
		1846CB331C8C7675001037F4 /* TabBarVC.swift in Sources */ = {isa = PBXBuildFile; fileRef = 1846CB321C8C7675001037F4 /* TabBarVC.swift */; };
		1846CB351C8C76C3001037F4 /* SongMenuTVC.swift in Sources */ = {isa = PBXBuildFile; fileRef = 1846CB341C8C76C3001037F4 /* SongMenuTVC.swift */; };
		1846CB371C8C76D7001037F4 /* MineTVC.swift in Sources */ = {isa = PBXBuildFile; fileRef = 1846CB361C8C76D7001037F4 /* MineTVC.swift */; };
		E5FB60FD3470A08809143D15 /* Pods.framework in Frameworks */ = {isa = PBXBuildFile; fileRef = 8C2372C40FC39C7C8E378C24 /* Pods.framework */; };
/* End PBXBuildFile section */

/* Begin PBXContainerItemProxy section */
		1846CB1A1C8C5B4C001037F4 /* PBXContainerItemProxy */ = {
			isa = PBXContainerItemProxy;
			containerPortal = 1846CAFD1C8C5B4C001037F4 /* Project object */;
			proxyType = 1;
			remoteGlobalIDString = 1846CB041C8C5B4C001037F4;
			remoteInfo = TMusic;
		};
/* End PBXContainerItemProxy section */

/* Begin PBXFileReference section */
		1846CB051C8C5B4C001037F4 /* TMusic.app */ = {isa = PBXFileReference; explicitFileType = wrapper.application; includeInIndex = 0; path = TMusic.app; sourceTree = BUILT_PRODUCTS_DIR; };
		1846CB081C8C5B4C001037F4 /* AppDelegate.swift */ = {isa = PBXFileReference; lastKnownFileType = sourcecode.swift; path = AppDelegate.swift; sourceTree = "<group>"; };
		1846CB0D1C8C5B4C001037F4 /* Base */ = {isa = PBXFileReference; lastKnownFileType = file.storyboard; name = Base; path = Base.lproj/Main.storyboard; sourceTree = "<group>"; };
		1846CB0F1C8C5B4C001037F4 /* Assets.xcassets */ = {isa = PBXFileReference; lastKnownFileType = folder.assetcatalog; path = Assets.xcassets; sourceTree = "<group>"; };
		1846CB121C8C5B4C001037F4 /* Base */ = {isa = PBXFileReference; lastKnownFileType = file.storyboard; name = Base; path = Base.lproj/LaunchScreen.storyboard; sourceTree = "<group>"; };
		1846CB141C8C5B4C001037F4 /* Info.plist */ = {isa = PBXFileReference; lastKnownFileType = text.plist.xml; path = Info.plist; sourceTree = "<group>"; };
		1846CB191C8C5B4C001037F4 /* TMusicUITests.xctest */ = {isa = PBXFileReference; explicitFileType = wrapper.cfbundle; includeInIndex = 0; path = TMusicUITests.xctest; sourceTree = BUILT_PRODUCTS_DIR; };
		1846CB1D1C8C5B4C001037F4 /* TMusicUITests.swift */ = {isa = PBXFileReference; lastKnownFileType = sourcecode.swift; path = TMusicUITests.swift; sourceTree = "<group>"; };
		1846CB1F1C8C5B4C001037F4 /* Info.plist */ = {isa = PBXFileReference; lastKnownFileType = text.plist.xml; path = Info.plist; sourceTree = "<group>"; };
		1846CB2E1C8C7613001037F4 /* SearchTVC.swift */ = {isa = PBXFileReference; fileEncoding = 4; lastKnownFileType = sourcecode.swift; path = SearchTVC.swift; sourceTree = "<group>"; };
		1846CB301C8C762D001037F4 /* BaseNavigationVC.swift */ = {isa = PBXFileReference; fileEncoding = 4; lastKnownFileType = sourcecode.swift; path = BaseNavigationVC.swift; sourceTree = "<group>"; };
		1846CB321C8C7675001037F4 /* TabBarVC.swift */ = {isa = PBXFileReference; fileEncoding = 4; lastKnownFileType = sourcecode.swift; path = TabBarVC.swift; sourceTree = "<group>"; };
		1846CB341C8C76C3001037F4 /* SongMenuTVC.swift */ = {isa = PBXFileReference; fileEncoding = 4; lastKnownFileType = sourcecode.swift; path = SongMenuTVC.swift; sourceTree = "<group>"; };
		1846CB361C8C76D7001037F4 /* MineTVC.swift */ = {isa = PBXFileReference; fileEncoding = 4; lastKnownFileType = sourcecode.swift; path = MineTVC.swift; sourceTree = "<group>"; };
		8C2372C40FC39C7C8E378C24 /* Pods.framework */ = {isa = PBXFileReference; explicitFileType = wrapper.framework; includeInIndex = 0; path = Pods.framework; sourceTree = BUILT_PRODUCTS_DIR; };
		98780DE469939EC278675318 /* Pods.release.xcconfig */ = {isa = PBXFileReference; includeInIndex = 1; lastKnownFileType = text.xcconfig; name = Pods.release.xcconfig; path = "Pods/Target Support Files/Pods/Pods.release.xcconfig"; sourceTree = "<group>"; };
		F6194D9412D3F2C8AAA91BE5 /* Pods.debug.xcconfig */ = {isa = PBXFileReference; includeInIndex = 1; lastKnownFileType = text.xcconfig; name = Pods.debug.xcconfig; path = "Pods/Target Support Files/Pods/Pods.debug.xcconfig"; sourceTree = "<group>"; };
/* End PBXFileReference section */

/* Begin PBXFrameworksBuildPhase section */
		1846CB021C8C5B4C001037F4 /* Frameworks */ = {
			isa = PBXFrameworksBuildPhase;
			buildActionMask = 2147483647;
			files = (
				E5FB60FD3470A08809143D15 /* Pods.framework in Frameworks */,
			);
			runOnlyForDeploymentPostprocessing = 0;
		};
		1846CB161C8C5B4C001037F4 /* Frameworks */ = {
			isa = PBXFrameworksBuildPhase;
			buildActionMask = 2147483647;
			files = (
			);
			runOnlyForDeploymentPostprocessing = 0;
		};
/* End PBXFrameworksBuildPhase section */

/* Begin PBXGroup section */
		1846CAFC1C8C5B4C001037F4 = {
			isa = PBXGroup;
			children = (
				1846CB071C8C5B4C001037F4 /* TMusic */,
				1846CB1C1C8C5B4C001037F4 /* TMusicUITests */,
				1846CB061C8C5B4C001037F4 /* Products */,
				94CC71F6BE086629E8F74439 /* Pods */,
				2A511D895D6C303D309FE8A4 /* Frameworks */,
			);
			sourceTree = "<group>";
		};
		1846CB061C8C5B4C001037F4 /* Products */ = {
			isa = PBXGroup;
			children = (
				1846CB051C8C5B4C001037F4 /* TMusic.app */,
				1846CB191C8C5B4C001037F4 /* TMusicUITests.xctest */,
			);
			name = Products;
			sourceTree = "<group>";
		};
		1846CB071C8C5B4C001037F4 /* TMusic */ = {
			isa = PBXGroup;
			children = (
				1846CB081C8C5B4C001037F4 /* AppDelegate.swift */,
				1846CB2E1C8C7613001037F4 /* SearchTVC.swift */,
				1846CB341C8C76C3001037F4 /* SongMenuTVC.swift */,
				1846CB361C8C76D7001037F4 /* MineTVC.swift */,
				1846CB301C8C762D001037F4 /* BaseNavigationVC.swift */,
				1846CB321C8C7675001037F4 /* TabBarVC.swift */,
				1846CB0C1C8C5B4C001037F4 /* Main.storyboard */,
				1846CB0F1C8C5B4C001037F4 /* Assets.xcassets */,
				1846CB111C8C5B4C001037F4 /* LaunchScreen.storyboard */,
				1846CB141C8C5B4C001037F4 /* Info.plist */,
			);
			path = TMusic;
			sourceTree = "<group>";
		};
		1846CB1C1C8C5B4C001037F4 /* TMusicUITests */ = {
			isa = PBXGroup;
			children = (
				1846CB1D1C8C5B4C001037F4 /* TMusicUITests.swift */,
				1846CB1F1C8C5B4C001037F4 /* Info.plist */,
			);
			path = TMusicUITests;
			sourceTree = "<group>";
		};
		2A511D895D6C303D309FE8A4 /* Frameworks */ = {
			isa = PBXGroup;
			children = (
				8C2372C40FC39C7C8E378C24 /* Pods.framework */,
			);
			name = Frameworks;
			sourceTree = "<group>";
		};
		94CC71F6BE086629E8F74439 /* Pods */ = {
			isa = PBXGroup;
			children = (
				F6194D9412D3F2C8AAA91BE5 /* Pods.debug.xcconfig */,
				98780DE469939EC278675318 /* Pods.release.xcconfig */,
			);
			name = Pods;
			sourceTree = "<group>";
		};
/* End PBXGroup section */

/* Begin PBXNativeTarget section */
		1846CB041C8C5B4C001037F4 /* TMusic */ = {
			isa = PBXNativeTarget;
			buildConfigurationList = 1846CB221C8C5B4C001037F4 /* Build configuration list for PBXNativeTarget "TMusic" */;
			buildPhases = (
				FF95EC8D4A552DAAECE2992F /* Check Pods Manifest.lock */,
				1846CB011C8C5B4C001037F4 /* Sources */,
				1846CB021C8C5B4C001037F4 /* Frameworks */,
				1846CB031C8C5B4C001037F4 /* Resources */,
				8E738211078C02BFEEAD24D6 /* Embed Pods Frameworks */,
				50A43C0143267B1E7CA2553E /* Copy Pods Resources */,
			);
			buildRules = (
			);
			dependencies = (
			);
			name = TMusic;
			productName = TMusic;
			productReference = 1846CB051C8C5B4C001037F4 /* TMusic.app */;
			productType = "com.apple.product-type.application";
		};
		1846CB181C8C5B4C001037F4 /* TMusicUITests */ = {
			isa = PBXNativeTarget;
			buildConfigurationList = 1846CB251C8C5B4C001037F4 /* Build configuration list for PBXNativeTarget "TMusicUITests" */;
			buildPhases = (
				1846CB151C8C5B4C001037F4 /* Sources */,
				1846CB161C8C5B4C001037F4 /* Frameworks */,
				1846CB171C8C5B4C001037F4 /* Resources */,
			);
			buildRules = (
			);
			dependencies = (
				1846CB1B1C8C5B4C001037F4 /* PBXTargetDependency */,
			);
			name = TMusicUITests;
			productName = TMusicUITests;
			productReference = 1846CB191C8C5B4C001037F4 /* TMusicUITests.xctest */;
			productType = "com.apple.product-type.bundle.ui-testing";
		};
/* End PBXNativeTarget section */

/* Begin PBXProject section */
		1846CAFD1C8C5B4C001037F4 /* Project object */ = {
			isa = PBXProject;
			attributes = {
				LastSwiftUpdateCheck = 0720;
				LastUpgradeCheck = 0720;
				ORGANIZATIONNAME = JK;
				TargetAttributes = {
					1846CB041C8C5B4C001037F4 = {
						CreatedOnToolsVersion = 7.2;
						DevelopmentTeam = U6S7593544;
					};
					1846CB181C8C5B4C001037F4 = {
						CreatedOnToolsVersion = 7.2;
						TestTargetID = 1846CB041C8C5B4C001037F4;
					};
				};
			};
			buildConfigurationList = 1846CB001C8C5B4C001037F4 /* Build configuration list for PBXProject "TMusic" */;
			compatibilityVersion = "Xcode 3.2";
			developmentRegion = English;
			hasScannedForEncodings = 0;
			knownRegions = (
				en,
				Base,
			);
			mainGroup = 1846CAFC1C8C5B4C001037F4;
			productRefGroup = 1846CB061C8C5B4C001037F4 /* Products */;
			projectDirPath = "";
			projectRoot = "";
			targets = (
				1846CB041C8C5B4C001037F4 /* TMusic */,
				1846CB181C8C5B4C001037F4 /* TMusicUITests */,
			);
		};
/* End PBXProject section */

/* Begin PBXResourcesBuildPhase section */
		1846CB031C8C5B4C001037F4 /* Resources */ = {
			isa = PBXResourcesBuildPhase;
			buildActionMask = 2147483647;
			files = (
				1846CB131C8C5B4C001037F4 /* LaunchScreen.storyboard in Resources */,
				1846CB101C8C5B4C001037F4 /* Assets.xcassets in Resources */,
				1846CB0E1C8C5B4C001037F4 /* Main.storyboard in Resources */,
			);
			runOnlyForDeploymentPostprocessing = 0;
		};
		1846CB171C8C5B4C001037F4 /* Resources */ = {
			isa = PBXResourcesBuildPhase;
			buildActionMask = 2147483647;
			files = (
			);
			runOnlyForDeploymentPostprocessing = 0;
		};
/* End PBXResourcesBuildPhase section */

/* Begin PBXShellScriptBuildPhase section */
		50A43C0143267B1E7CA2553E /* Copy Pods Resources */ = {
			isa = PBXShellScriptBuildPhase;
			buildActionMask = 2147483647;
			files = (
			);
			inputPaths = (
			);
			name = "Copy Pods Resources";
			outputPaths = (
			);
			runOnlyForDeploymentPostprocessing = 0;
			shellPath = /bin/sh;
			shellScript = "\"${SRCROOT}/Pods/Target Support Files/Pods/Pods-resources.sh\"\n";
			showEnvVarsInLog = 0;
		};
		8E738211078C02BFEEAD24D6 /* Embed Pods Frameworks */ = {
			isa = PBXShellScriptBuildPhase;
			buildActionMask = 2147483647;
			files = (
			);
			inputPaths = (
			);
			name = "Embed Pods Frameworks";
			outputPaths = (
			);
			runOnlyForDeploymentPostprocessing = 0;
			shellPath = /bin/sh;
			shellScript = "\"${SRCROOT}/Pods/Target Support Files/Pods/Pods-frameworks.sh\"\n";
			showEnvVarsInLog = 0;
		};
		FF95EC8D4A552DAAECE2992F /* Check Pods Manifest.lock */ = {
			isa = PBXShellScriptBuildPhase;
			buildActionMask = 2147483647;
			files = (
			);
			inputPaths = (
			);
			name = "Check Pods Manifest.lock";
			outputPaths = (
			);
			runOnlyForDeploymentPostprocessing = 0;
			shellPath = /bin/sh;
			shellScript = "diff \"${PODS_ROOT}/../Podfile.lock\" \"${PODS_ROOT}/Manifest.lock\" > /dev/null\nif [[ $? != 0 ]] ; then\n    cat << EOM\nerror: The sandbox is not in sync with the Podfile.lock. Run 'pod install' or update your CocoaPods installation.\nEOM\n    exit 1\nfi\n";
			showEnvVarsInLog = 0;
		};
/* End PBXShellScriptBuildPhase section */

/* Begin PBXSourcesBuildPhase section */
		1846CB011C8C5B4C001037F4 /* Sources */ = {
			isa = PBXSourcesBuildPhase;
			buildActionMask = 2147483647;
			files = (
				1846CB371C8C76D7001037F4 /* MineTVC.swift in Sources */,
				1846CB351C8C76C3001037F4 /* SongMenuTVC.swift in Sources */,
				1846CB311C8C762D001037F4 /* BaseNavigationVC.swift in Sources */,
				1846CB091C8C5B4C001037F4 /* AppDelegate.swift in Sources */,
				1846CB331C8C7675001037F4 /* TabBarVC.swift in Sources */,
				1846CB2F1C8C7613001037F4 /* SearchTVC.swift in Sources */,
			);
			runOnlyForDeploymentPostprocessing = 0;
		};
		1846CB151C8C5B4C001037F4 /* Sources */ = {
			isa = PBXSourcesBuildPhase;
			buildActionMask = 2147483647;
			files = (
				1846CB1E1C8C5B4C001037F4 /* TMusicUITests.swift in Sources */,
			);
			runOnlyForDeploymentPostprocessing = 0;
		};
/* End PBXSourcesBuildPhase section */

/* Begin PBXTargetDependency section */
		1846CB1B1C8C5B4C001037F4 /* PBXTargetDependency */ = {
			isa = PBXTargetDependency;
			target = 1846CB041C8C5B4C001037F4 /* TMusic */;
			targetProxy = 1846CB1A1C8C5B4C001037F4 /* PBXContainerItemProxy */;
		};
/* End PBXTargetDependency section */

/* Begin PBXVariantGroup section */
		1846CB0C1C8C5B4C001037F4 /* Main.storyboard */ = {
			isa = PBXVariantGroup;
			children = (
				1846CB0D1C8C5B4C001037F4 /* Base */,
			);
			name = Main.storyboard;
			sourceTree = "<group>";
		};
		1846CB111C8C5B4C001037F4 /* LaunchScreen.storyboard */ = {
			isa = PBXVariantGroup;
			children = (
				1846CB121C8C5B4C001037F4 /* Base */,
			);
			name = LaunchScreen.storyboard;
			sourceTree = "<group>";
		};
/* End PBXVariantGroup section */

/* Begin XCBuildConfiguration section */
		1846CB201C8C5B4C001037F4 /* Debug */ = {
			isa = XCBuildConfiguration;
			buildSettings = {
				ALWAYS_SEARCH_USER_PATHS = NO;
				CLANG_CXX_LANGUAGE_STANDARD = "gnu++0x";
				CLANG_CXX_LIBRARY = "libc++";
				CLANG_ENABLE_MODULES = YES;
				CLANG_ENABLE_OBJC_ARC = YES;
				CLANG_WARN_BOOL_CONVERSION = YES;
				CLANG_WARN_CONSTANT_CONVERSION = YES;
				CLANG_WARN_DIRECT_OBJC_ISA_USAGE = YES_ERROR;
				CLANG_WARN_EMPTY_BODY = YES;
				CLANG_WARN_ENUM_CONVERSION = YES;
				CLANG_WARN_INT_CONVERSION = YES;
				CLANG_WARN_OBJC_ROOT_CLASS = YES_ERROR;
				CLANG_WARN_UNREACHABLE_CODE = YES;
				CLANG_WARN__DUPLICATE_METHOD_MATCH = YES;
				"CODE_SIGN_IDENTITY[sdk=iphoneos*]" = "iPhone Developer";
				COPY_PHASE_STRIP = NO;
				DEBUG_INFORMATION_FORMAT = dwarf;
				ENABLE_STRICT_OBJC_MSGSEND = YES;
				ENABLE_TESTABILITY = YES;
				GCC_C_LANGUAGE_STANDARD = gnu99;
				GCC_DYNAMIC_NO_PIC = NO;
				GCC_NO_COMMON_BLOCKS = YES;
				GCC_OPTIMIZATION_LEVEL = 0;
				GCC_PREPROCESSOR_DEFINITIONS = (
					"DEBUG=1",
					"$(inherited)",
				);
				GCC_WARN_64_TO_32_BIT_CONVERSION = YES;
				GCC_WARN_ABOUT_RETURN_TYPE = YES_ERROR;
				GCC_WARN_UNDECLARED_SELECTOR = YES;
				GCC_WARN_UNINITIALIZED_AUTOS = YES_AGGRESSIVE;
				GCC_WARN_UNUSED_FUNCTION = YES;
				GCC_WARN_UNUSED_VARIABLE = YES;
				IPHONEOS_DEPLOYMENT_TARGET = 9.2;
				MTL_ENABLE_DEBUG_INFO = YES;
				ONLY_ACTIVE_ARCH = YES;
				SDKROOT = iphoneos;
				SWIFT_OPTIMIZATION_LEVEL = "-Onone";
				TARGETED_DEVICE_FAMILY = "1,2";
			};
			name = Debug;
		};
		1846CB211C8C5B4C001037F4 /* Release */ = {
			isa = XCBuildConfiguration;
			buildSettings = {
				ALWAYS_SEARCH_USER_PATHS = NO;
				CLANG_CXX_LANGUAGE_STANDARD = "gnu++0x";
				CLANG_CXX_LIBRARY = "libc++";
				CLANG_ENABLE_MODULES = YES;
				CLANG_ENABLE_OBJC_ARC = YES;
				CLANG_WARN_BOOL_CONVERSION = YES;
				CLANG_WARN_CONSTANT_CONVERSION = YES;
				CLANG_WARN_DIRECT_OBJC_ISA_USAGE = YES_ERROR;
				CLANG_WARN_EMPTY_BODY = YES;
				CLANG_WARN_ENUM_CONVERSION = YES;
				CLANG_WARN_INT_CONVERSION = YES;
				CLANG_WARN_OBJC_ROOT_CLASS = YES_ERROR;
				CLANG_WARN_UNREACHABLE_CODE = YES;
				CLANG_WARN__DUPLICATE_METHOD_MATCH = YES;
				"CODE_SIGN_IDENTITY[sdk=iphoneos*]" = "iPhone Developer";
				COPY_PHASE_STRIP = NO;
				DEBUG_INFORMATION_FORMAT = "dwarf-with-dsym";
				ENABLE_NS_ASSERTIONS = NO;
				ENABLE_STRICT_OBJC_MSGSEND = YES;
				GCC_C_LANGUAGE_STANDARD = gnu99;
				GCC_NO_COMMON_BLOCKS = YES;
				GCC_WARN_64_TO_32_BIT_CONVERSION = YES;
				GCC_WARN_ABOUT_RETURN_TYPE = YES_ERROR;
				GCC_WARN_UNDECLARED_SELECTOR = YES;
				GCC_WARN_UNINITIALIZED_AUTOS = YES_AGGRESSIVE;
				GCC_WARN_UNUSED_FUNCTION = YES;
				GCC_WARN_UNUSED_VARIABLE = YES;
				IPHONEOS_DEPLOYMENT_TARGET = 9.2;
				MTL_ENABLE_DEBUG_INFO = NO;
				SDKROOT = iphoneos;
				TARGETED_DEVICE_FAMILY = "1,2";
				VALIDATE_PRODUCT = YES;
			};
			name = Release;
		};
		1846CB231C8C5B4C001037F4 /* Debug */ = {
			isa = XCBuildConfiguration;
			baseConfigurationReference = F6194D9412D3F2C8AAA91BE5 /* Pods.debug.xcconfig */;
			buildSettings = {
				ASSETCATALOG_COMPILER_APPICON_NAME = AppIcon;
				CODE_SIGN_IDENTITY = "iPhone Developer";
				INFOPLIST_FILE = TMusic/Info.plist;
				IPHONEOS_DEPLOYMENT_TARGET = 8.0;
				LD_RUNPATH_SEARCH_PATHS = "$(inherited) @executable_path/Frameworks";
				PRODUCT_BUNDLE_IDENTIFIER = cn.jiakeqi.TMusic;
				PRODUCT_NAME = "$(TARGET_NAME)";
			};
			name = Debug;
		};
		1846CB241C8C5B4C001037F4 /* Release */ = {
			isa = XCBuildConfiguration;
			baseConfigurationReference = 98780DE469939EC278675318 /* Pods.release.xcconfig */;
			buildSettings = {
				ASSETCATALOG_COMPILER_APPICON_NAME = AppIcon;
				CODE_SIGN_IDENTITY = "iPhone Developer";
				INFOPLIST_FILE = TMusic/Info.plist;
				IPHONEOS_DEPLOYMENT_TARGET = 8.0;
				LD_RUNPATH_SEARCH_PATHS = "$(inherited) @executable_path/Frameworks";
				PRODUCT_BUNDLE_IDENTIFIER = cn.jiakeqi.TMusic;
				PRODUCT_NAME = "$(TARGET_NAME)";
			};
			name = Release;
		};
		1846CB261C8C5B4C001037F4 /* Debug */ = {
			isa = XCBuildConfiguration;
			buildSettings = {
				INFOPLIST_FILE = TMusicUITests/Info.plist;
				LD_RUNPATH_SEARCH_PATHS = "$(inherited) @executable_path/Frameworks @loader_path/Frameworks";
				PRODUCT_BUNDLE_IDENTIFIER = cn.jiakeqi.TMusicUITests;
				PRODUCT_NAME = "$(TARGET_NAME)";
				TEST_TARGET_NAME = TMusic;
				USES_XCTRUNNER = YES;
			};
			name = Debug;
		};
		1846CB271C8C5B4C001037F4 /* Release */ = {
			isa = XCBuildConfiguration;
			buildSettings = {
				INFOPLIST_FILE = TMusicUITests/Info.plist;
				LD_RUNPATH_SEARCH_PATHS = "$(inherited) @executable_path/Frameworks @loader_path/Frameworks";
				PRODUCT_BUNDLE_IDENTIFIER = cn.jiakeqi.TMusicUITests;
				PRODUCT_NAME = "$(TARGET_NAME)";
				TEST_TARGET_NAME = TMusic;
				USES_XCTRUNNER = YES;
			};
			name = Release;
		};
/* End XCBuildConfiguration section */

/* Begin XCConfigurationList section */
		1846CB001C8C5B4C001037F4 /* Build configuration list for PBXProject "TMusic" */ = {
			isa = XCConfigurationList;
			buildConfigurations = (
				1846CB201C8C5B4C001037F4 /* Debug */,
				1846CB211C8C5B4C001037F4 /* Release */,
			);
			defaultConfigurationIsVisible = 0;
			defaultConfigurationName = Release;
		};
		1846CB221C8C5B4C001037F4 /* Build configuration list for PBXNativeTarget "TMusic" */ = {
			isa = XCConfigurationList;
			buildConfigurations = (
				1846CB231C8C5B4C001037F4 /* Debug */,
				1846CB241C8C5B4C001037F4 /* Release */,
			);
			defaultConfigurationIsVisible = 0;
			defaultConfigurationName = Release;
		};
		1846CB251C8C5B4C001037F4 /* Build configuration list for PBXNativeTarget "TMusicUITests" */ = {
			isa = XCConfigurationList;
			buildConfigurations = (
				1846CB261C8C5B4C001037F4 /* Debug */,
				1846CB271C8C5B4C001037F4 /* Release */,
			);
			defaultConfigurationIsVisible = 0;
			defaultConfigurationName = Release;
		};
/* End XCConfigurationList section */
	};
	rootObject = 1846CAFD1C8C5B4C001037F4 /* Project object */;
}
